// !$*UTF8*$!
{
	archiveVersion = 1;
	classes = {
	};
	objectVersion = 55;
	objects = {

/* Begin PBXBuildFile section */
		2C95A3F82854426300414515 /* AppDelegate.swift in Sources */ = {isa = PBXBuildFile; fileRef = 2C95A3F72854426300414515 /* AppDelegate.swift */; };
		2C95A3FA2854426300414515 /* SceneDelegate.swift in Sources */ = {isa = PBXBuildFile; fileRef = 2C95A3F92854426300414515 /* SceneDelegate.swift */; };
		2C95A4012854426600414515 /* Assets.xcassets in Resources */ = {isa = PBXBuildFile; fileRef = 2C95A4002854426600414515 /* Assets.xcassets */; };
		2C95A4042854426600414515 /* LaunchScreen.storyboard in Resources */ = {isa = PBXBuildFile; fileRef = 2C95A4022854426600414515 /* LaunchScreen.storyboard */; };
		2C95A40D2854436F00414515 /* ReactorKit in Frameworks */ = {isa = PBXBuildFile; productRef = 2C95A40C2854436F00414515 /* ReactorKit */; };
		2C95A4102854439C00414515 /* BonMot in Frameworks */ = {isa = PBXBuildFile; productRef = 2C95A40F2854439C00414515 /* BonMot */; };
		2C95A413285443DE00414515 /* SnapKit in Frameworks */ = {isa = PBXBuildFile; productRef = 2C95A412285443DE00414515 /* SnapKit */; };
		2C95A416285443F700414515 /* Then in Frameworks */ = {isa = PBXBuildFile; productRef = 2C95A415285443F700414515 /* Then */; };
		2C95A4192854441B00414515 /* RxCocoa in Frameworks */ = {isa = PBXBuildFile; productRef = 2C95A4182854441B00414515 /* RxCocoa */; };
		2CDE896F28562638005B53DA /* UIViewController+Preview.swift in Sources */ = {isa = PBXBuildFile; fileRef = 2CDE896E28562638005B53DA /* UIViewController+Preview.swift */; };
		2CDE897128562688005B53DA /* UIView+Preview.swift in Sources */ = {isa = PBXBuildFile; fileRef = 2CDE897028562688005B53DA /* UIView+Preview.swift */; };
		2CDE8974285626E8005B53DA /* CounterView.swift in Sources */ = {isa = PBXBuildFile; fileRef = 2CDE8973285626E8005B53DA /* CounterView.swift */; };
/* End PBXBuildFile section */

/* Begin PBXFileReference section */
		2C95A3F42854426300414515 /* ReactorKit_Counter_Example_Practice.app */ = {isa = PBXFileReference; explicitFileType = wrapper.application; includeInIndex = 0; path = ReactorKit_Counter_Example_Practice.app; sourceTree = BUILT_PRODUCTS_DIR; };
		2C95A3F72854426300414515 /* AppDelegate.swift */ = {isa = PBXFileReference; lastKnownFileType = sourcecode.swift; path = AppDelegate.swift; sourceTree = "<group>"; };
		2C95A3F92854426300414515 /* SceneDelegate.swift */ = {isa = PBXFileReference; lastKnownFileType = sourcecode.swift; path = SceneDelegate.swift; sourceTree = "<group>"; };
		2C95A4002854426600414515 /* Assets.xcassets */ = {isa = PBXFileReference; lastKnownFileType = folder.assetcatalog; path = Assets.xcassets; sourceTree = "<group>"; };
		2C95A4032854426600414515 /* Base */ = {isa = PBXFileReference; lastKnownFileType = file.storyboard; name = Base; path = Base.lproj/LaunchScreen.storyboard; sourceTree = "<group>"; };
		2C95A4052854426600414515 /* Info.plist */ = {isa = PBXFileReference; lastKnownFileType = text.plist.xml; path = Info.plist; sourceTree = "<group>"; };
		2CDE896E28562638005B53DA /* UIViewController+Preview.swift */ = {isa = PBXFileReference; lastKnownFileType = sourcecode.swift; path = "UIViewController+Preview.swift"; sourceTree = "<group>"; };
		2CDE897028562688005B53DA /* UIView+Preview.swift */ = {isa = PBXFileReference; lastKnownFileType = sourcecode.swift; path = "UIView+Preview.swift"; sourceTree = "<group>"; };
		2CDE8973285626E8005B53DA /* CounterView.swift */ = {isa = PBXFileReference; lastKnownFileType = sourcecode.swift; path = CounterView.swift; sourceTree = "<group>"; };
/* End PBXFileReference section */

/* Begin PBXFrameworksBuildPhase section */
		2C95A3F12854426300414515 /* Frameworks */ = {
			isa = PBXFrameworksBuildPhase;
			buildActionMask = 2147483647;
			files = (
				2C95A413285443DE00414515 /* SnapKit in Frameworks */,
				2C95A40D2854436F00414515 /* ReactorKit in Frameworks */,
				2C95A4192854441B00414515 /* RxCocoa in Frameworks */,
				2C95A4102854439C00414515 /* BonMot in Frameworks */,
				2C95A416285443F700414515 /* Then in Frameworks */,
			);
			runOnlyForDeploymentPostprocessing = 0;
		};
/* End PBXFrameworksBuildPhase section */

/* Begin PBXGroup section */
		2C95A3EB2854426300414515 = {
			isa = PBXGroup;
			children = (
				2C95A3F62854426300414515 /* ReactorKit_Counter_Example_Practice */,
				2C95A3F52854426300414515 /* Products */,
			);
			sourceTree = "<group>";
		};
		2C95A3F52854426300414515 /* Products */ = {
			isa = PBXGroup;
			children = (
				2C95A3F42854426300414515 /* ReactorKit_Counter_Example_Practice.app */,
			);
			name = Products;
			sourceTree = "<group>";
		};
		2C95A3F62854426300414515 /* ReactorKit_Counter_Example_Practice */ = {
			isa = PBXGroup;
			children = (
				2CDE896D28562622005B53DA /* Extensions */,
				2CDE8972285626D7005B53DA /* Previews */,
				2C95A3F72854426300414515 /* AppDelegate.swift */,
				2C95A3F92854426300414515 /* SceneDelegate.swift */,
				2C95A4002854426600414515 /* Assets.xcassets */,
				2C95A4022854426600414515 /* LaunchScreen.storyboard */,
				2C95A4052854426600414515 /* Info.plist */,
			);
			path = ReactorKit_Counter_Example_Practice;
			sourceTree = "<group>";
		};
		2CDE896D28562622005B53DA /* Extensions */ = {
			isa = PBXGroup;
			children = (
				2CDE896E28562638005B53DA /* UIViewController+Preview.swift */,
				2CDE897028562688005B53DA /* UIView+Preview.swift */,
			);
			path = Extensions;
			sourceTree = "<group>";
		};
		2CDE8972285626D7005B53DA /* Previews */ = {
			isa = PBXGroup;
			children = (
				2CDE8973285626E8005B53DA /* CounterView.swift */,
			);
			path = Previews;
			sourceTree = "<group>";
		};
/* End PBXGroup section */

/* Begin PBXNativeTarget section */
		2C95A3F32854426300414515 /* ReactorKit_Counter_Example_Practice */ = {
			isa = PBXNativeTarget;
			buildConfigurationList = 2C95A4082854426600414515 /* Build configuration list for PBXNativeTarget "ReactorKit_Counter_Example_Practice" */;
			buildPhases = (
				2C95A3F02854426300414515 /* Sources */,
				2C95A3F12854426300414515 /* Frameworks */,
				2C95A3F22854426300414515 /* Resources */,
			);
			buildRules = (
			);
			dependencies = (
			);
			name = ReactorKit_Counter_Example_Practice;
			packageProductDependencies = (
				2C95A40C2854436F00414515 /* ReactorKit */,
				2C95A40F2854439C00414515 /* BonMot */,
				2C95A412285443DE00414515 /* SnapKit */,
				2C95A415285443F700414515 /* Then */,
				2C95A4182854441B00414515 /* RxCocoa */,
			);
			productName = ReactorKit_Counter_Example_Practice;
			productReference = 2C95A3F42854426300414515 /* ReactorKit_Counter_Example_Practice.app */;
			productType = "com.apple.product-type.application";
		};
/* End PBXNativeTarget section */

/* Begin PBXProject section */
		2C95A3EC2854426300414515 /* Project object */ = {
			isa = PBXProject;
			attributes = {
				BuildIndependentTargetsInParallel = 1;
				LastSwiftUpdateCheck = 1340;
				LastUpgradeCheck = 1340;
				TargetAttributes = {
					2C95A3F32854426300414515 = {
						CreatedOnToolsVersion = 13.4;
					};
				};
			};
			buildConfigurationList = 2C95A3EF2854426300414515 /* Build configuration list for PBXProject "ReactorKit_Counter_Example_Practice" */;
			compatibilityVersion = "Xcode 13.0";
			developmentRegion = en;
			hasScannedForEncodings = 0;
			knownRegions = (
				en,
				Base,
			);
			mainGroup = 2C95A3EB2854426300414515;
			packageReferences = (
				2C95A40B2854436F00414515 /* XCRemoteSwiftPackageReference "ReactorKit" */,
				2C95A40E2854439C00414515 /* XCRemoteSwiftPackageReference "BonMot" */,
				2C95A411285443DD00414515 /* XCRemoteSwiftPackageReference "SnapKit" */,
				2C95A414285443F700414515 /* XCRemoteSwiftPackageReference "Then" */,
				2C95A4172854441B00414515 /* XCRemoteSwiftPackageReference "RxSwift" */,
			);
			productRefGroup = 2C95A3F52854426300414515 /* Products */;
			projectDirPath = "";
			projectRoot = "";
			targets = (
				2C95A3F32854426300414515 /* ReactorKit_Counter_Example_Practice */,
			);
		};
/* End PBXProject section */

/* Begin PBXResourcesBuildPhase section */
		2C95A3F22854426300414515 /* Resources */ = {
			isa = PBXResourcesBuildPhase;
			buildActionMask = 2147483647;
			files = (
				2C95A4042854426600414515 /* LaunchScreen.storyboard in Resources */,
				2C95A4012854426600414515 /* Assets.xcassets in Resources */,
			);
			runOnlyForDeploymentPostprocessing = 0;
		};
/* End PBXResourcesBuildPhase section */

/* Begin PBXSourcesBuildPhase section */
		2C95A3F02854426300414515 /* Sources */ = {
			isa = PBXSourcesBuildPhase;
			buildActionMask = 2147483647;
			files = (
				2C95A3F82854426300414515 /* AppDelegate.swift in Sources */,
				2C95A3FA2854426300414515 /* SceneDelegate.swift in Sources */,
				2CDE897128562688005B53DA /* UIView+Preview.swift in Sources */,
				2CDE896F28562638005B53DA /* UIViewController+Preview.swift in Sources */,
				2CDE8974285626E8005B53DA /* CounterView.swift in Sources */,
			);
			runOnlyForDeploymentPostprocessing = 0;
		};
/* End PBXSourcesBuildPhase section */

/* Begin PBXVariantGroup section */
		2C95A4022854426600414515 /* LaunchScreen.storyboard */ = {
			isa = PBXVariantGroup;
			children = (
				2C95A4032854426600414515 /* Base */,
			);
			name = LaunchScreen.storyboard;
			sourceTree = "<group>";
		};
/* End PBXVariantGroup section */

/* Begin XCBuildConfiguration section */
		2C95A4062854426600414515 /* Debug */ = {
			isa = XCBuildConfiguration;
			buildSettings = {
				ALWAYS_SEARCH_USER_PATHS = NO;
				CLANG_ANALYZER_NONNULL = YES;
				CLANG_ANALYZER_NUMBER_OBJECT_CONVERSION = YES_AGGRESSIVE;
				CLANG_CXX_LANGUAGE_STANDARD = "gnu++17";
				CLANG_ENABLE_MODULES = YES;
				CLANG_ENABLE_OBJC_ARC = YES;
				CLANG_ENABLE_OBJC_WEAK = YES;
				CLANG_WARN_BLOCK_CAPTURE_AUTORELEASING = YES;
				CLANG_WARN_BOOL_CONVERSION = YES;
				CLANG_WARN_COMMA = YES;
				CLANG_WARN_CONSTANT_CONVERSION = YES;
				CLANG_WARN_DEPRECATED_OBJC_IMPLEMENTATIONS = YES;
				CLANG_WARN_DIRECT_OBJC_ISA_USAGE = YES_ERROR;
				CLANG_WARN_DOCUMENTATION_COMMENTS = YES;
				CLANG_WARN_EMPTY_BODY = YES;
				CLANG_WARN_ENUM_CONVERSION = YES;
				CLANG_WARN_INFINITE_RECURSION = YES;
				CLANG_WARN_INT_CONVERSION = YES;
				CLANG_WARN_NON_LITERAL_NULL_CONVERSION = YES;
				CLANG_WARN_OBJC_IMPLICIT_RETAIN_SELF = YES;
				CLANG_WARN_OBJC_LITERAL_CONVERSION = YES;
				CLANG_WARN_OBJC_ROOT_CLASS = YES_ERROR;
				CLANG_WARN_QUOTED_INCLUDE_IN_FRAMEWORK_HEADER = YES;
				CLANG_WARN_RANGE_LOOP_ANALYSIS = YES;
				CLANG_WARN_STRICT_PROTOTYPES = YES;
				CLANG_WARN_SUSPICIOUS_MOVE = YES;
				CLANG_WARN_UNGUARDED_AVAILABILITY = YES_AGGRESSIVE;
				CLANG_WARN_UNREACHABLE_CODE = YES;
				CLANG_WARN__DUPLICATE_METHOD_MATCH = YES;
				COPY_PHASE_STRIP = NO;
				DEBUG_INFORMATION_FORMAT = dwarf;
				ENABLE_STRICT_OBJC_MSGSEND = YES;
				ENABLE_TESTABILITY = YES;
				GCC_C_LANGUAGE_STANDARD = gnu11;
				GCC_DYNAMIC_NO_PIC = NO;
				GCC_NO_COMMON_BLOCKS = YES;
				GCC_OPTIMIZATION_LEVEL = 0;
				GCC_PREPROCESSOR_DEFINITIONS = (
					"DEBUG=1",
					"$(inherited)",
				);
				GCC_WARN_64_TO_32_BIT_CONVERSION = YES;
				GCC_WARN_ABOUT_RETURN_TYPE = YES_ERROR;
				GCC_WARN_UNDECLARED_SELECTOR = YES;
				GCC_WARN_UNINITIALIZED_AUTOS = YES_AGGRESSIVE;
				GCC_WARN_UNUSED_FUNCTION = YES;
				GCC_WARN_UNUSED_VARIABLE = YES;
				IPHONEOS_DEPLOYMENT_TARGET = 15.5;
				MTL_ENABLE_DEBUG_INFO = INCLUDE_SOURCE;
				MTL_FAST_MATH = YES;
				ONLY_ACTIVE_ARCH = YES;
				SDKROOT = iphoneos;
				SWIFT_ACTIVE_COMPILATION_CONDITIONS = DEBUG;
				SWIFT_OPTIMIZATION_LEVEL = "-Onone";
			};
			name = Debug;
		};
		2C95A4072854426600414515 /* Release */ = {
			isa = XCBuildConfiguration;
			buildSettings = {
				ALWAYS_SEARCH_USER_PATHS = NO;
				CLANG_ANALYZER_NONNULL = YES;
				CLANG_ANALYZER_NUMBER_OBJECT_CONVERSION = YES_AGGRESSIVE;
				CLANG_CXX_LANGUAGE_STANDARD = "gnu++17";
				CLANG_ENABLE_MODULES = YES;
				CLANG_ENABLE_OBJC_ARC = YES;
				CLANG_ENABLE_OBJC_WEAK = YES;
				CLANG_WARN_BLOCK_CAPTURE_AUTORELEASING = YES;
				CLANG_WARN_BOOL_CONVERSION = YES;
				CLANG_WARN_COMMA = YES;
				CLANG_WARN_CONSTANT_CONVERSION = YES;
				CLANG_WARN_DEPRECATED_OBJC_IMPLEMENTATIONS = YES;
				CLANG_WARN_DIRECT_OBJC_ISA_USAGE = YES_ERROR;
				CLANG_WARN_DOCUMENTATION_COMMENTS = YES;
				CLANG_WARN_EMPTY_BODY = YES;
				CLANG_WARN_ENUM_CONVERSION = YES;
				CLANG_WARN_INFINITE_RECURSION = YES;
				CLANG_WARN_INT_CONVERSION = YES;
				CLANG_WARN_NON_LITERAL_NULL_CONVERSION = YES;
				CLANG_WARN_OBJC_IMPLICIT_RETAIN_SELF = YES;
				CLANG_WARN_OBJC_LITERAL_CONVERSION = YES;
				CLANG_WARN_OBJC_ROOT_CLASS = YES_ERROR;
				CLANG_WARN_QUOTED_INCLUDE_IN_FRAMEWORK_HEADER = YES;
				CLANG_WARN_RANGE_LOOP_ANALYSIS = YES;
				CLANG_WARN_STRICT_PROTOTYPES = YES;
				CLANG_WARN_SUSPICIOUS_MOVE = YES;
				CLANG_WARN_UNGUARDED_AVAILABILITY = YES_AGGRESSIVE;
				CLANG_WARN_UNREACHABLE_CODE = YES;
				CLANG_WARN__DUPLICATE_METHOD_MATCH = YES;
				COPY_PHASE_STRIP = NO;
				DEBUG_INFORMATION_FORMAT = "dwarf-with-dsym";
				ENABLE_NS_ASSERTIONS = NO;
				ENABLE_STRICT_OBJC_MSGSEND = YES;
				GCC_C_LANGUAGE_STANDARD = gnu11;
				GCC_NO_COMMON_BLOCKS = YES;
				GCC_WARN_64_TO_32_BIT_CONVERSION = YES;
				GCC_WARN_ABOUT_RETURN_TYPE = YES_ERROR;
				GCC_WARN_UNDECLARED_SELECTOR = YES;
				GCC_WARN_UNINITIALIZED_AUTOS = YES_AGGRESSIVE;
				GCC_WARN_UNUSED_FUNCTION = YES;
				GCC_WARN_UNUSED_VARIABLE = YES;
				IPHONEOS_DEPLOYMENT_TARGET = 15.5;
				MTL_ENABLE_DEBUG_INFO = NO;
				MTL_FAST_MATH = YES;
				SDKROOT = iphoneos;
				SWIFT_COMPILATION_MODE = wholemodule;
				SWIFT_OPTIMIZATION_LEVEL = "-O";
				VALIDATE_PRODUCT = YES;
			};
			name = Release;
		};
		2C95A4092854426600414515 /* Debug */ = {
			isa = XCBuildConfiguration;
			buildSettings = {
				ASSETCATALOG_COMPILER_APPICON_NAME = AppIcon;
				ASSETCATALOG_COMPILER_GLOBAL_ACCENT_COLOR_NAME = AccentColor;
				CODE_SIGN_STYLE = Automatic;
				CURRENT_PROJECT_VERSION = 1;
				DEVELOPMENT_TEAM = 694FXKZ628;
				GENERATE_INFOPLIST_FILE = YES;
				INFOPLIST_FILE = ReactorKit_Counter_Example_Practice/Info.plist;
				INFOPLIST_KEY_UIApplicationSupportsIndirectInputEvents = YES;
				INFOPLIST_KEY_UILaunchStoryboardName = LaunchScreen;
				INFOPLIST_KEY_UISupportedInterfaceOrientations_iPad = "UIInterfaceOrientationPortrait UIInterfaceOrientationPortraitUpsideDown UIInterfaceOrientationLandscapeLeft UIInterfaceOrientationLandscapeRight";
				INFOPLIST_KEY_UISupportedInterfaceOrientations_iPhone = "UIInterfaceOrientationPortrait UIInterfaceOrientationLandscapeLeft UIInterfaceOrientationLandscapeRight";
				IPHONEOS_DEPLOYMENT_TARGET = 13.0;
				LD_RUNPATH_SEARCH_PATHS = (
					"$(inherited)",
					"@executable_path/Frameworks",
				);
				MARKETING_VERSION = 1.0;
				PRODUCT_BUNDLE_IDENTIFIER = "com.hyunwooJang.com.ReactorKit-Counter-Example-Practice";
				PRODUCT_NAME = "$(TARGET_NAME)";
				SWIFT_EMIT_LOC_STRINGS = YES;
				SWIFT_VERSION = 5.0;
				TARGETED_DEVICE_FAMILY = "1,2";
			};
			name = Debug;
		};
		2C95A40A2854426600414515 /* Release */ = {
			isa = XCBuildConfiguration;
			buildSettings = {
				ASSETCATALOG_COMPILER_APPICON_NAME = AppIcon;
				ASSETCATALOG_COMPILER_GLOBAL_ACCENT_COLOR_NAME = AccentColor;
				CODE_SIGN_STYLE = Automatic;
				CURRENT_PROJECT_VERSION = 1;
				DEVELOPMENT_TEAM = 694FXKZ628;
				GENERATE_INFOPLIST_FILE = YES;
				INFOPLIST_FILE = ReactorKit_Counter_Example_Practice/Info.plist;
				INFOPLIST_KEY_UIApplicationSupportsIndirectInputEvents = YES;
				INFOPLIST_KEY_UILaunchStoryboardName = LaunchScreen;
				INFOPLIST_KEY_UISupportedInterfaceOrientations_iPad = "UIInterfaceOrientationPortrait UIInterfaceOrientationPortraitUpsideDown UIInterfaceOrientationLandscapeLeft UIInterfaceOrientationLandscapeRight";
				INFOPLIST_KEY_UISupportedInterfaceOrientations_iPhone = "UIInterfaceOrientationPortrait UIInterfaceOrientationLandscapeLeft UIInterfaceOrientationLandscapeRight";
				IPHONEOS_DEPLOYMENT_TARGET = 13.0;
				LD_RUNPATH_SEARCH_PATHS = (
					"$(inherited)",
					"@executable_path/Frameworks",
				);
				MARKETING_VERSION = 1.0;
				PRODUCT_BUNDLE_IDENTIFIER = "com.hyunwooJang.com.ReactorKit-Counter-Example-Practice";
				PRODUCT_NAME = "$(TARGET_NAME)";
				SWIFT_EMIT_LOC_STRINGS = YES;
				SWIFT_VERSION = 5.0;
				TARGETED_DEVICE_FAMILY = "1,2";
			};
			name = Release;
		};
/* End XCBuildConfiguration section */

/* Begin XCConfigurationList section */
		2C95A3EF2854426300414515 /* Build configuration list for PBXProject "ReactorKit_Counter_Example_Practice" */ = {
			isa = XCConfigurationList;
			buildConfigurations = (
				2C95A4062854426600414515 /* Debug */,
				2C95A4072854426600414515 /* Release */,
			);
			defaultConfigurationIsVisible = 0;
			defaultConfigurationName = Release;
		};
		2C95A4082854426600414515 /* Build configuration list for PBXNativeTarget "ReactorKit_Counter_Example_Practice" */ = {
			isa = XCConfigurationList;
			buildConfigurations = (
				2C95A4092854426600414515 /* Debug */,
				2C95A40A2854426600414515 /* Release */,
			);
			defaultConfigurationIsVisible = 0;
			defaultConfigurationName = Release;
		};
/* End XCConfigurationList section */

/* Begin XCRemoteSwiftPackageReference section */
		2C95A40B2854436F00414515 /* XCRemoteSwiftPackageReference "ReactorKit" */ = {
			isa = XCRemoteSwiftPackageReference;
			repositoryURL = "https://github.com/ReactorKit/ReactorKit.git";
			requirement = {
				kind = upToNextMajorVersion;
				minimumVersion = 3.0.0;
			};
		};
		2C95A40E2854439C00414515 /* XCRemoteSwiftPackageReference "BonMot" */ = {
			isa = XCRemoteSwiftPackageReference;
			repositoryURL = "https://github.com/Rightpoint/BonMot.git";
			requirement = {
				kind = upToNextMajorVersion;
				minimumVersion = 6.0.0;
			};
		};
		2C95A411285443DD00414515 /* XCRemoteSwiftPackageReference "SnapKit" */ = {
			isa = XCRemoteSwiftPackageReference;
			repositoryURL = "https://github.com/SnapKit/SnapKit.git";
			requirement = {
				kind = upToNextMajorVersion;
				minimumVersion = 5.0.0;
			};
		};
		2C95A414285443F700414515 /* XCRemoteSwiftPackageReference "Then" */ = {
			isa = XCRemoteSwiftPackageReference;
			repositoryURL = "https://github.com/devxoul/Then";
			requirement = {
				kind = upToNextMajorVersion;
				minimumVersion = 3.0.0;
			};
		};
		2C95A4172854441B00414515 /* XCRemoteSwiftPackageReference "RxSwift" */ = {
			isa = XCRemoteSwiftPackageReference;
			repositoryURL = "https://github.com/ReactiveX/RxSwift.git";
			requirement = {
				kind = upToNextMajorVersion;
				minimumVersion = 6.0.0;
			};
		};
/* End XCRemoteSwiftPackageReference section */

/* Begin XCSwiftPackageProductDependency section */
		2C95A40C2854436F00414515 /* ReactorKit */ = {
			isa = XCSwiftPackageProductDependency;
			package = 2C95A40B2854436F00414515 /* XCRemoteSwiftPackageReference "ReactorKit" */;
			productName = ReactorKit;
		};
		2C95A40F2854439C00414515 /* BonMot */ = {
			isa = XCSwiftPackageProductDependency;
			package = 2C95A40E2854439C00414515 /* XCRemoteSwiftPackageReference "BonMot" */;
			productName = BonMot;
		};
		2C95A412285443DE00414515 /* SnapKit */ = {
			isa = XCSwiftPackageProductDependency;
			package = 2C95A411285443DD00414515 /* XCRemoteSwiftPackageReference "SnapKit" */;
			productName = SnapKit;
		};
		2C95A415285443F700414515 /* Then */ = {
			isa = XCSwiftPackageProductDependency;
			package = 2C95A414285443F700414515 /* XCRemoteSwiftPackageReference "Then" */;
			productName = Then;
		};
		2C95A4182854441B00414515 /* RxCocoa */ = {
			isa = XCSwiftPackageProductDependency;
			package = 2C95A4172854441B00414515 /* XCRemoteSwiftPackageReference "RxSwift" */;
			productName = RxCocoa;
		};
/* End XCSwiftPackageProductDependency section */
	};
	rootObject = 2C95A3EC2854426300414515 /* Project object */;
}
